// !$*UTF8*$!
{
	archiveVersion = 1;
	classes = {
	};
	objectVersion = 46;
	objects = {

/* Begin PBXBuildFile section */
		017218EAFDFB0BD70481C8B4 /* libPods-HelloWorldTests.a in Frameworks */ = {isa = PBXBuildFile; fileRef = B5A992F6EC42DCC534F8CF1E /* libPods-HelloWorldTests.a */; };
		4C2BE1D31A5C4CA500281E2B /* main.m in Sources */ = {isa = PBXBuildFile; fileRef = 4C2BE1D21A5C4CA500281E2B /* main.m */; };
		4C2BE1D61A5C4CA500281E2B /* AppDelegate.m in Sources */ = {isa = PBXBuildFile; fileRef = 4C2BE1D51A5C4CA500281E2B /* AppDelegate.m */; };
		4C2BE1D91A5C4CA500281E2B /* HelloWorld.xcdatamodeld in Sources */ = {isa = PBXBuildFile; fileRef = 4C2BE1D71A5C4CA500281E2B /* HelloWorld.xcdatamodeld */; };
		4C2BE1DC1A5C4CA500281E2B /* ViewController.m in Sources */ = {isa = PBXBuildFile; fileRef = 4C2BE1DB1A5C4CA500281E2B /* ViewController.m */; };
		4C2BE1DF1A5C4CA500281E2B /* Main.storyboard in Resources */ = {isa = PBXBuildFile; fileRef = 4C2BE1DD1A5C4CA500281E2B /* Main.storyboard */; };
		4C2BE1E11A5C4CA500281E2B /* Images.xcassets in Resources */ = {isa = PBXBuildFile; fileRef = 4C2BE1E01A5C4CA500281E2B /* Images.xcassets */; };
		4C2BE1E41A5C4CA500281E2B /* LaunchScreen.xib in Resources */ = {isa = PBXBuildFile; fileRef = 4C2BE1E21A5C4CA500281E2B /* LaunchScreen.xib */; };
		4C2BE1F01A5C4CA500281E2B /* HelloWorldTests.m in Sources */ = {isa = PBXBuildFile; fileRef = 4C2BE1EF1A5C4CA500281E2B /* HelloWorldTests.m */; };
		4C887A621A5D3F86001E32B7 /* LoginTests.m in Sources */ = {isa = PBXBuildFile; fileRef = 4C887A611A5D3F86001E32B7 /* LoginTests.m */; };
		A28CC3B217F98F19ADC33E0C /* libPods.a in Frameworks */ = {isa = PBXBuildFile; fileRef = 76F0647E030A3559521485E2 /* libPods.a */; };
/* End PBXBuildFile section */

/* Begin PBXContainerItemProxy section */
		4C2BE1EA1A5C4CA500281E2B /* PBXContainerItemProxy */ = {
			isa = PBXContainerItemProxy;
			containerPortal = 4C2BE1C51A5C4CA500281E2B /* Project object */;
			proxyType = 1;
			remoteGlobalIDString = 4C2BE1CC1A5C4CA500281E2B;
			remoteInfo = HelloWorld;
		};
/* End PBXContainerItemProxy section */

/* Begin PBXFileReference section */
		0BD0978B60AAA770A407734E /* Pods.debug.xcconfig */ = {isa = PBXFileReference; includeInIndex = 1; lastKnownFileType = text.xcconfig; name = Pods.debug.xcconfig; path = "Pods/Target Support Files/Pods/Pods.debug.xcconfig"; sourceTree = "<group>"; };
		15FC633E62305727F7F5E077 /* Pods.release.xcconfig */ = {isa = PBXFileReference; includeInIndex = 1; lastKnownFileType = text.xcconfig; name = Pods.release.xcconfig; path = "Pods/Target Support Files/Pods/Pods.release.xcconfig"; sourceTree = "<group>"; };
		407B02DE72DBAC9760F6BD0A /* Pods-HelloWorldTests.release.xcconfig */ = {isa = PBXFileReference; includeInIndex = 1; lastKnownFileType = text.xcconfig; name = "Pods-HelloWorldTests.release.xcconfig"; path = "Pods/Target Support Files/Pods-HelloWorldTests/Pods-HelloWorldTests.release.xcconfig"; sourceTree = "<group>"; };
		4C2BE1CD1A5C4CA500281E2B /* HelloWorld.app */ = {isa = PBXFileReference; explicitFileType = wrapper.application; includeInIndex = 0; path = HelloWorld.app; sourceTree = BUILT_PRODUCTS_DIR; };
		4C2BE1D11A5C4CA500281E2B /* Info.plist */ = {isa = PBXFileReference; lastKnownFileType = text.plist.xml; path = Info.plist; sourceTree = "<group>"; };
		4C2BE1D21A5C4CA500281E2B /* main.m */ = {isa = PBXFileReference; lastKnownFileType = sourcecode.c.objc; path = main.m; sourceTree = "<group>"; };
		4C2BE1D41A5C4CA500281E2B /* AppDelegate.h */ = {isa = PBXFileReference; lastKnownFileType = sourcecode.c.h; path = AppDelegate.h; sourceTree = "<group>"; };
		4C2BE1D51A5C4CA500281E2B /* AppDelegate.m */ = {isa = PBXFileReference; lastKnownFileType = sourcecode.c.objc; path = AppDelegate.m; sourceTree = "<group>"; };
		4C2BE1D81A5C4CA500281E2B /* HelloWorld.xcdatamodel */ = {isa = PBXFileReference; lastKnownFileType = wrapper.xcdatamodel; path = HelloWorld.xcdatamodel; sourceTree = "<group>"; };
		4C2BE1DA1A5C4CA500281E2B /* ViewController.h */ = {isa = PBXFileReference; lastKnownFileType = sourcecode.c.h; path = ViewController.h; sourceTree = "<group>"; };
		4C2BE1DB1A5C4CA500281E2B /* ViewController.m */ = {isa = PBXFileReference; lastKnownFileType = sourcecode.c.objc; path = ViewController.m; sourceTree = "<group>"; };
		4C2BE1DE1A5C4CA500281E2B /* Base */ = {isa = PBXFileReference; lastKnownFileType = file.storyboard; name = Base; path = Base.lproj/Main.storyboard; sourceTree = "<group>"; };
		4C2BE1E01A5C4CA500281E2B /* Images.xcassets */ = {isa = PBXFileReference; lastKnownFileType = folder.assetcatalog; path = Images.xcassets; sourceTree = "<group>"; };
		4C2BE1E31A5C4CA500281E2B /* Base */ = {isa = PBXFileReference; lastKnownFileType = file.xib; name = Base; path = Base.lproj/LaunchScreen.xib; sourceTree = "<group>"; };
		4C2BE1E91A5C4CA500281E2B /* HelloWorldTests.xctest */ = {isa = PBXFileReference; explicitFileType = wrapper.cfbundle; includeInIndex = 0; path = HelloWorldTests.xctest; sourceTree = BUILT_PRODUCTS_DIR; };
		4C2BE1EE1A5C4CA500281E2B /* Info.plist */ = {isa = PBXFileReference; lastKnownFileType = text.plist.xml; path = Info.plist; sourceTree = "<group>"; };
		4C2BE1EF1A5C4CA500281E2B /* HelloWorldTests.m */ = {isa = PBXFileReference; lastKnownFileType = sourcecode.c.objc; path = HelloWorldTests.m; sourceTree = "<group>"; };
		4C887A611A5D3F86001E32B7 /* LoginTests.m */ = {isa = PBXFileReference; fileEncoding = 4; lastKnownFileType = sourcecode.c.objc; path = LoginTests.m; sourceTree = "<group>"; };
		56BAE0CE12B8712B729CD8F1 /* Pods-HelloWorldTests.debug.xcconfig */ = {isa = PBXFileReference; includeInIndex = 1; lastKnownFileType = text.xcconfig; name = "Pods-HelloWorldTests.debug.xcconfig"; path = "Pods/Target Support Files/Pods-HelloWorldTests/Pods-HelloWorldTests.debug.xcconfig"; sourceTree = "<group>"; };
		76F0647E030A3559521485E2 /* libPods.a */ = {isa = PBXFileReference; explicitFileType = archive.ar; includeInIndex = 0; path = libPods.a; sourceTree = BUILT_PRODUCTS_DIR; };
		B5A992F6EC42DCC534F8CF1E /* libPods-HelloWorldTests.a */ = {isa = PBXFileReference; explicitFileType = archive.ar; includeInIndex = 0; path = "libPods-HelloWorldTests.a"; sourceTree = BUILT_PRODUCTS_DIR; };
/* End PBXFileReference section */

/* Begin PBXFrameworksBuildPhase section */
		4C2BE1CA1A5C4CA500281E2B /* Frameworks */ = {
			isa = PBXFrameworksBuildPhase;
			buildActionMask = 2147483647;
			files = (
				A28CC3B217F98F19ADC33E0C /* libPods.a in Frameworks */,
			);
			runOnlyForDeploymentPostprocessing = 0;
		};
		4C2BE1E61A5C4CA500281E2B /* Frameworks */ = {
			isa = PBXFrameworksBuildPhase;
			buildActionMask = 2147483647;
			files = (
				017218EAFDFB0BD70481C8B4 /* libPods-HelloWorldTests.a in Frameworks */,
			);
			runOnlyForDeploymentPostprocessing = 0;
		};
/* End PBXFrameworksBuildPhase section */

/* Begin PBXGroup section */
		4C2BE1C41A5C4CA500281E2B = {
			isa = PBXGroup;
			children = (
				4C2BE1CF1A5C4CA500281E2B /* HelloWorld */,
				4C2BE1EC1A5C4CA500281E2B /* HelloWorldTests */,
				4C2BE1CE1A5C4CA500281E2B /* Products */,
				BC4B67EEB55C1BB139299490 /* Pods */,
				7761E2D91D013BB76719EC20 /* Frameworks */,
			);
			sourceTree = "<group>";
		};
		4C2BE1CE1A5C4CA500281E2B /* Products */ = {
			isa = PBXGroup;
			children = (
				4C2BE1CD1A5C4CA500281E2B /* HelloWorld.app */,
				4C2BE1E91A5C4CA500281E2B /* HelloWorldTests.xctest */,
			);
			name = Products;
			sourceTree = "<group>";
		};
		4C2BE1CF1A5C4CA500281E2B /* HelloWorld */ = {
			isa = PBXGroup;
			children = (
				4C2BE1D41A5C4CA500281E2B /* AppDelegate.h */,
				4C2BE1D51A5C4CA500281E2B /* AppDelegate.m */,
				4C2BE1DA1A5C4CA500281E2B /* ViewController.h */,
				4C2BE1DB1A5C4CA500281E2B /* ViewController.m */,
				4C2BE1DD1A5C4CA500281E2B /* Main.storyboard */,
				4C2BE1E01A5C4CA500281E2B /* Images.xcassets */,
				4C2BE1E21A5C4CA500281E2B /* LaunchScreen.xib */,
				4C2BE1D71A5C4CA500281E2B /* HelloWorld.xcdatamodeld */,
				4C2BE1D01A5C4CA500281E2B /* Supporting Files */,
			);
			path = HelloWorld;
			sourceTree = "<group>";
		};
		4C2BE1D01A5C4CA500281E2B /* Supporting Files */ = {
			isa = PBXGroup;
			children = (
				4C2BE1D11A5C4CA500281E2B /* Info.plist */,
				4C2BE1D21A5C4CA500281E2B /* main.m */,
			);
			name = "Supporting Files";
			sourceTree = "<group>";
		};
		4C2BE1EC1A5C4CA500281E2B /* HelloWorldTests */ = {
			isa = PBXGroup;
			children = (
				4C2BE1EF1A5C4CA500281E2B /* HelloWorldTests.m */,
				4C2BE1ED1A5C4CA500281E2B /* Supporting Files */,
				4C887A611A5D3F86001E32B7 /* LoginTests.m */,
			);
			path = HelloWorldTests;
			sourceTree = "<group>";
		};
		4C2BE1ED1A5C4CA500281E2B /* Supporting Files */ = {
			isa = PBXGroup;
			children = (
				4C2BE1EE1A5C4CA500281E2B /* Info.plist */,
			);
			name = "Supporting Files";
			sourceTree = "<group>";
		};
		7761E2D91D013BB76719EC20 /* Frameworks */ = {
			isa = PBXGroup;
			children = (
				76F0647E030A3559521485E2 /* libPods.a */,
				B5A992F6EC42DCC534F8CF1E /* libPods-HelloWorldTests.a */,
			);
			name = Frameworks;
			sourceTree = "<group>";
		};
		BC4B67EEB55C1BB139299490 /* Pods */ = {
			isa = PBXGroup;
			children = (
				0BD0978B60AAA770A407734E /* Pods.debug.xcconfig */,
				15FC633E62305727F7F5E077 /* Pods.release.xcconfig */,
				56BAE0CE12B8712B729CD8F1 /* Pods-HelloWorldTests.debug.xcconfig */,
				407B02DE72DBAC9760F6BD0A /* Pods-HelloWorldTests.release.xcconfig */,
			);
			name = Pods;
			sourceTree = "<group>";
		};
/* End PBXGroup section */

/* Begin PBXNativeTarget section */
		4C2BE1CC1A5C4CA500281E2B /* HelloWorld */ = {
			isa = PBXNativeTarget;
			buildConfigurationList = 4C2BE1F31A5C4CA500281E2B /* Build configuration list for PBXNativeTarget "HelloWorld" */;
			buildPhases = (
				AEF9DB194E6D5F9040AF0EB3 /* Check Pods Manifest.lock */,
				4C2BE1C91A5C4CA500281E2B /* Sources */,
				4C2BE1CA1A5C4CA500281E2B /* Frameworks */,
				4C2BE1CB1A5C4CA500281E2B /* Resources */,
				7F07BC39A38F4C74CA0F82E2 /* Copy Pods Resources */,
			);
			buildRules = (
			);
			dependencies = (
			);
			name = HelloWorld;
			productName = HelloWorld;
			productReference = 4C2BE1CD1A5C4CA500281E2B /* HelloWorld.app */;
			productType = "com.apple.product-type.application";
		};
		4C2BE1E81A5C4CA500281E2B /* HelloWorldTests */ = {
			isa = PBXNativeTarget;
			buildConfigurationList = 4C2BE1F61A5C4CA500281E2B /* Build configuration list for PBXNativeTarget "HelloWorldTests" */;
			buildPhases = (
				20F79ACC67F7CD775052142B /* Check Pods Manifest.lock */,
				4C2BE1E51A5C4CA500281E2B /* Sources */,
				4C2BE1E61A5C4CA500281E2B /* Frameworks */,
				4C2BE1E71A5C4CA500281E2B /* Resources */,
				80FACCD06CE3D4FA623B3D89 /* Copy Pods Resources */,
			);
			buildRules = (
			);
			dependencies = (
				4C2BE1EB1A5C4CA500281E2B /* PBXTargetDependency */,
			);
			name = HelloWorldTests;
			productName = HelloWorldTests;
			productReference = 4C2BE1E91A5C4CA500281E2B /* HelloWorldTests.xctest */;
			productType = "com.apple.product-type.bundle.unit-test";
		};
/* End PBXNativeTarget section */

/* Begin PBXProject section */
		4C2BE1C51A5C4CA500281E2B /* Project object */ = {
			isa = PBXProject;
			attributes = {
				LastUpgradeCheck = 0610;
				ORGANIZATIONNAME = "Asher Syed";
				TargetAttributes = {
					4C2BE1CC1A5C4CA500281E2B = {
						CreatedOnToolsVersion = 6.1.1;
					};
					4C2BE1E81A5C4CA500281E2B = {
						CreatedOnToolsVersion = 6.1.1;
						TestTargetID = 4C2BE1CC1A5C4CA500281E2B;
					};
				};
			};
			buildConfigurationList = 4C2BE1C81A5C4CA500281E2B /* Build configuration list for PBXProject "HelloWorld" */;
			compatibilityVersion = "Xcode 3.2";
			developmentRegion = English;
			hasScannedForEncodings = 0;
			knownRegions = (
				en,
				Base,
			);
			mainGroup = 4C2BE1C41A5C4CA500281E2B;
			productRefGroup = 4C2BE1CE1A5C4CA500281E2B /* Products */;
			projectDirPath = "";
			projectRoot = "";
			targets = (
				4C2BE1CC1A5C4CA500281E2B /* HelloWorld */,
				4C2BE1E81A5C4CA500281E2B /* HelloWorldTests */,
			);
		};
/* End PBXProject section */

/* Begin PBXResourcesBuildPhase section */
		4C2BE1CB1A5C4CA500281E2B /* Resources */ = {
			isa = PBXResourcesBuildPhase;
			buildActionMask = 2147483647;
			files = (
				4C2BE1DF1A5C4CA500281E2B /* Main.storyboard in Resources */,
				4C2BE1E41A5C4CA500281E2B /* LaunchScreen.xib in Resources */,
				4C2BE1E11A5C4CA500281E2B /* Images.xcassets in Resources */,
			);
			runOnlyForDeploymentPostprocessing = 0;
		};
		4C2BE1E71A5C4CA500281E2B /* Resources */ = {
			isa = PBXResourcesBuildPhase;
			buildActionMask = 2147483647;
			files = (
			);
			runOnlyForDeploymentPostprocessing = 0;
		};
/* End PBXResourcesBuildPhase section */

/* Begin PBXShellScriptBuildPhase section */
		20F79ACC67F7CD775052142B /* Check Pods Manifest.lock */ = {
			isa = PBXShellScriptBuildPhase;
			buildActionMask = 2147483647;
			files = (
			);
			inputPaths = (
			);
			name = "Check Pods Manifest.lock";
			outputPaths = (
			);
			runOnlyForDeploymentPostprocessing = 0;
			shellPath = /bin/sh;
			shellScript = "diff \"${PODS_ROOT}/../Podfile.lock\" \"${PODS_ROOT}/Manifest.lock\" > /dev/null\nif [[ $? != 0 ]] ; then\n    cat << EOM\nerror: The sandbox is not in sync with the Podfile.lock. Run 'pod install' or update your CocoaPods installation.\nEOM\n    exit 1\nfi\n";
			showEnvVarsInLog = 0;
		};
		7F07BC39A38F4C74CA0F82E2 /* Copy Pods Resources */ = {
			isa = PBXShellScriptBuildPhase;
			buildActionMask = 2147483647;
			files = (
			);
			inputPaths = (
			);
			name = "Copy Pods Resources";
			outputPaths = (
			);
			runOnlyForDeploymentPostprocessing = 0;
			shellPath = /bin/sh;
			shellScript = "\"${SRCROOT}/Pods/Target Support Files/Pods/Pods-resources.sh\"\n";
			showEnvVarsInLog = 0;
		};
		80FACCD06CE3D4FA623B3D89 /* Copy Pods Resources */ = {
			isa = PBXShellScriptBuildPhase;
			buildActionMask = 2147483647;
			files = (
			);
			inputPaths = (
			);
			name = "Copy Pods Resources";
			outputPaths = (
			);
			runOnlyForDeploymentPostprocessing = 0;
			shellPath = /bin/sh;
			shellScript = "\"${SRCROOT}/Pods/Target Support Files/Pods-HelloWorldTests/Pods-HelloWorldTests-resources.sh\"\n";
			showEnvVarsInLog = 0;
		};
		AEF9DB194E6D5F9040AF0EB3 /* Check Pods Manifest.lock */ = {
			isa = PBXShellScriptBuildPhase;
			buildActionMask = 2147483647;
			files = (
			);
			inputPaths = (
			);
			name = "Check Pods Manifest.lock";
			outputPaths = (
			);
			runOnlyForDeploymentPostprocessing = 0;
			shellPath = /bin/sh;
			shellScript = "diff \"${PODS_ROOT}/../Podfile.lock\" \"${PODS_ROOT}/Manifest.lock\" > /dev/null\nif [[ $? != 0 ]] ; then\n    cat << EOM\nerror: The sandbox is not in sync with the Podfile.lock. Run 'pod install' or update your CocoaPods installation.\nEOM\n    exit 1\nfi\n";
			showEnvVarsInLog = 0;
		};
/* End PBXShellScriptBuildPhase section */

/* Begin PBXSourcesBuildPhase section */
		4C2BE1C91A5C4CA500281E2B /* Sources */ = {
			isa = PBXSourcesBuildPhase;
			buildActionMask = 2147483647;
			files = (
				4C2BE1D91A5C4CA500281E2B /* HelloWorld.xcdatamodeld in Sources */,
				4C2BE1D61A5C4CA500281E2B /* AppDelegate.m in Sources */,
				4C2BE1DC1A5C4CA500281E2B /* ViewController.m in Sources */,
				4C2BE1D31A5C4CA500281E2B /* main.m in Sources */,
			);
			runOnlyForDeploymentPostprocessing = 0;
		};
		4C2BE1E51A5C4CA500281E2B /* Sources */ = {
			isa = PBXSourcesBuildPhase;
			buildActionMask = 2147483647;
			files = (
				4C2BE1F01A5C4CA500281E2B /* HelloWorldTests.m in Sources */,
				4C887A621A5D3F86001E32B7 /* LoginTests.m in Sources */,
			);
			runOnlyForDeploymentPostprocessing = 0;
		};
/* End PBXSourcesBuildPhase section */

/* Begin PBXTargetDependency section */
		4C2BE1EB1A5C4CA500281E2B /* PBXTargetDependency */ = {
			isa = PBXTargetDependency;
			target = 4C2BE1CC1A5C4CA500281E2B /* HelloWorld */;
			targetProxy = 4C2BE1EA1A5C4CA500281E2B /* PBXContainerItemProxy */;
		};
/* End PBXTargetDependency section */

/* Begin PBXVariantGroup section */
		4C2BE1DD1A5C4CA500281E2B /* Main.storyboard */ = {
			isa = PBXVariantGroup;
			children = (
				4C2BE1DE1A5C4CA500281E2B /* Base */,
			);
			name = Main.storyboard;
			sourceTree = "<group>";
		};
		4C2BE1E21A5C4CA500281E2B /* LaunchScreen.xib */ = {
			isa = PBXVariantGroup;
			children = (
				4C2BE1E31A5C4CA500281E2B /* Base */,
			);
			name = LaunchScreen.xib;
			sourceTree = "<group>";
		};
/* End PBXVariantGroup section */

/* Begin XCBuildConfiguration section */
		4C2BE1F11A5C4CA500281E2B /* Debug */ = {
			isa = XCBuildConfiguration;
			buildSettings = {
				ALWAYS_SEARCH_USER_PATHS = NO;
				CLANG_CXX_LANGUAGE_STANDARD = "gnu++0x";
				CLANG_CXX_LIBRARY = "libc++";
				CLANG_ENABLE_MODULES = YES;
				CLANG_ENABLE_OBJC_ARC = YES;
				CLANG_WARN_BOOL_CONVERSION = YES;
				CLANG_WARN_CONSTANT_CONVERSION = YES;
				CLANG_WARN_DIRECT_OBJC_ISA_USAGE = YES_ERROR;
				CLANG_WARN_EMPTY_BODY = YES;
				CLANG_WARN_ENUM_CONVERSION = YES;
				CLANG_WARN_INT_CONVERSION = YES;
				CLANG_WARN_OBJC_ROOT_CLASS = YES_ERROR;
				CLANG_WARN_UNREACHABLE_CODE = YES;
				CLANG_WARN__DUPLICATE_METHOD_MATCH = YES;
				"CODE_SIGN_IDENTITY[sdk=iphoneos*]" = "iPhone Developer: ASHER SYED (8YM2H3NHQP)";
				COPY_PHASE_STRIP = NO;
				ENABLE_STRICT_OBJC_MSGSEND = YES;
				GCC_C_LANGUAGE_STANDARD = gnu99;
				GCC_DYNAMIC_NO_PIC = NO;
				GCC_OPTIMIZATION_LEVEL = 0;
				GCC_PREPROCESSOR_DEFINITIONS = (
					"DEBUG=1",
					"$(inherited)",
				);
				GCC_SYMBOLS_PRIVATE_EXTERN = NO;
				GCC_WARN_64_TO_32_BIT_CONVERSION = YES;
				GCC_WARN_ABOUT_RETURN_TYPE = YES_ERROR;
				GCC_WARN_UNDECLARED_SELECTOR = YES;
				GCC_WARN_UNINITIALIZED_AUTOS = YES_AGGRESSIVE;
				GCC_WARN_UNUSED_FUNCTION = YES;
				GCC_WARN_UNUSED_VARIABLE = YES;
				IPHONEOS_DEPLOYMENT_TARGET = 8.1;
				MTL_ENABLE_DEBUG_INFO = YES;
				SDKROOT = iphoneos;
				TARGETED_DEVICE_FAMILY = "1,2";
			};
			name = Debug;
		};
		4C2BE1F21A5C4CA500281E2B /* Release */ = {
			isa = XCBuildConfiguration;
			buildSettings = {
				ALWAYS_SEARCH_USER_PATHS = NO;
				CLANG_CXX_LANGUAGE_STANDARD = "gnu++0x";
				CLANG_CXX_LIBRARY = "libc++";
				CLANG_ENABLE_MODULES = YES;
				CLANG_ENABLE_OBJC_ARC = YES;
				CLANG_WARN_BOOL_CONVERSION = YES;
				CLANG_WARN_CONSTANT_CONVERSION = YES;
				CLANG_WARN_DIRECT_OBJC_ISA_USAGE = YES_ERROR;
				CLANG_WARN_EMPTY_BODY = YES;
				CLANG_WARN_ENUM_CONVERSION = YES;
				CLANG_WARN_INT_CONVERSION = YES;
				CLANG_WARN_OBJC_ROOT_CLASS = YES_ERROR;
				CLANG_WARN_UNREACHABLE_CODE = YES;
				CLANG_WARN__DUPLICATE_METHOD_MATCH = YES;
				"CODE_SIGN_IDENTITY[sdk=iphoneos*]" = "iPhone Developer: ASHER SYED (8YM2H3NHQP)";
				COPY_PHASE_STRIP = YES;
				ENABLE_NS_ASSERTIONS = NO;
				ENABLE_STRICT_OBJC_MSGSEND = YES;
				GCC_C_LANGUAGE_STANDARD = gnu99;
				GCC_WARN_64_TO_32_BIT_CONVERSION = YES;
				GCC_WARN_ABOUT_RETURN_TYPE = YES_ERROR;
				GCC_WARN_UNDECLARED_SELECTOR = YES;
				GCC_WARN_UNINITIALIZED_AUTOS = YES_AGGRESSIVE;
				GCC_WARN_UNUSED_FUNCTION = YES;
				GCC_WARN_UNUSED_VARIABLE = YES;
				IPHONEOS_DEPLOYMENT_TARGET = 8.1;
				MTL_ENABLE_DEBUG_INFO = NO;
				SDKROOT = iphoneos;
				TARGETED_DEVICE_FAMILY = "1,2";
				VALIDATE_PRODUCT = YES;
			};
			name = Release;
		};
		4C2BE1F41A5C4CA500281E2B /* Debug */ = {
			isa = XCBuildConfiguration;
			baseConfigurationReference = 0BD0978B60AAA770A407734E /* Pods.debug.xcconfig */;
			buildSettings = {
				ASSETCATALOG_COMPILER_APPICON_NAME = AppIcon;
				INFOPLIST_FILE = HelloWorld/Info.plist;
				LD_RUNPATH_SEARCH_PATHS = "$(inherited) @executable_path/Frameworks";
				PRODUCT_NAME = "$(TARGET_NAME)";
			};
			name = Debug;
		};
		4C2BE1F51A5C4CA500281E2B /* Release */ = {
			isa = XCBuildConfiguration;
			baseConfigurationReference = 15FC633E62305727F7F5E077 /* Pods.release.xcconfig */;
			buildSettings = {
				ASSETCATALOG_COMPILER_APPICON_NAME = AppIcon;
				INFOPLIST_FILE = HelloWorld/Info.plist;
				LD_RUNPATH_SEARCH_PATHS = "$(inherited) @executable_path/Frameworks";
				PRODUCT_NAME = "$(TARGET_NAME)";
			};
			name = Release;
		};
		4C2BE1F71A5C4CA500281E2B /* Debug */ = {
			isa = XCBuildConfiguration;
			baseConfigurationReference = 56BAE0CE12B8712B729CD8F1 /* Pods-HelloWorldTests.debug.xcconfig */;
			buildSettings = {
				BUNDLE_LOADER = "$(TEST_HOST)";
				FRAMEWORK_SEARCH_PATHS = (
					"$(SDKROOT)/Developer/Library/Frameworks",
					"$(inherited)",
				);
				GCC_PREPROCESSOR_DEFINITIONS = (
					"DEBUG=1",
					"$(inherited)",
				);
				INFOPLIST_FILE = HelloWorldTests/Info.plist;
				LD_RUNPATH_SEARCH_PATHS = "$(inherited) @executable_path/Frameworks @loader_path/Frameworks";
				PRODUCT_NAME = "$(TARGET_NAME)";
				TEST_HOST = "$(BUILT_PRODUCTS_DIR)/HelloWorld.app/HelloWorld";
			};
			name = Debug;
		};
		4C2BE1F81A5C4CA500281E2B /* Release */ = {
			isa = XCBuildConfiguration;
			baseConfigurationReference = 407B02DE72DBAC9760F6BD0A /* Pods-HelloWorldTests.release.xcconfig */;
			buildSettings = {
				BUNDLE_LOADER = "$(TEST_HOST)";
				FRAMEWORK_SEARCH_PATHS = (
					"$(SDKROOT)/Developer/Library/Frameworks",
					"$(inherited)",
				);
				INFOPLIST_FILE = HelloWorldTests/Info.plist;
				LD_RUNPATH_SEARCH_PATHS = "$(inherited) @executable_path/Frameworks @loader_path/Frameworks";
				PRODUCT_NAME = "$(TARGET_NAME)";
				TEST_HOST = "$(BUILT_PRODUCTS_DIR)/HelloWorld.app/HelloWorld";
			};
			name = Release;
		};
/* End XCBuildConfiguration section */

/* Begin XCConfigurationList section */
		4C2BE1C81A5C4CA500281E2B /* Build configuration list for PBXProject "HelloWorld" */ = {
			isa = XCConfigurationList;
			buildConfigurations = (
				4C2BE1F11A5C4CA500281E2B /* Debug */,
				4C2BE1F21A5C4CA500281E2B /* Release */,
			);
			defaultConfigurationIsVisible = 0;
			defaultConfigurationName = Release;
		};
		4C2BE1F31A5C4CA500281E2B /* Build configuration list for PBXNativeTarget "HelloWorld" */ = {
			isa = XCConfigurationList;
			buildConfigurations = (
				4C2BE1F41A5C4CA500281E2B /* Debug */,
				4C2BE1F51A5C4CA500281E2B /* Release */,
			);
			defaultConfigurationIsVisible = 0;
			defaultConfigurationName = Release;
		};
		4C2BE1F61A5C4CA500281E2B /* Build configuration list for PBXNativeTarget "HelloWorldTests" */ = {
			isa = XCConfigurationList;
			buildConfigurations = (
				4C2BE1F71A5C4CA500281E2B /* Debug */,
				4C2BE1F81A5C4CA500281E2B /* Release */,
			);
			defaultConfigurationIsVisible = 0;
			defaultConfigurationName = Release;
		};
/* End XCConfigurationList section */

/* Begin XCVersionGroup section */
		4C2BE1D71A5C4CA500281E2B /* HelloWorld.xcdatamodeld */ = {
			isa = XCVersionGroup;
			children = (
				4C2BE1D81A5C4CA500281E2B /* HelloWorld.xcdatamodel */,
			);
			currentVersion = 4C2BE1D81A5C4CA500281E2B /* HelloWorld.xcdatamodel */;
			path = HelloWorld.xcdatamodeld;
			sourceTree = "<group>";
			versionGroupType = wrapper.xcdatamodel;
		};
/* End XCVersionGroup section */
	};
	rootObject = 4C2BE1C51A5C4CA500281E2B /* Project object */;
}
